
Microsoft Visual Studio Solution File, Format Version 12.00
# Visual Studio Version 17
VisualStudioVersion = 17.0.31903.59
MinimumVisualStudioVersion = 10.0.40219.1
Project("{FAE04EC0-301F-11D3-BF4B-00C04F79EFBC}") = "Prowl.Slang", "Slang\Prowl.Slang.csproj", "{39A77760-2D30-443B-8454-C2FDEB341D17}"
EndProject
Project("{2150E333-8FDC-42A3-9474-1A3956D46DE8}") = "Samples", "Samples", "{E931F19C-0E2D-4737-B9F5-2D6535B2028A}"
EndProject
Project("{FAE04EC0-301F-11D3-BF4B-00C04F79EFBC}") = "HelloWorld", "Samples\HelloWorld\HelloWorld.csproj", "{421ECB02-37C1-4E38-ADEE-55D868690375}"
EndProject
Project("{FAE04EC0-301F-11D3-BF4B-00C04F79EFBC}") = "ModelViewer", "Samples\ModelViewer\ModelViewer.csproj", "{50B66351-1ACB-4885-AB6E-3DA4CE4992F5}"
EndProject
Project("{FAE04EC0-301F-11D3-BF4B-00C04F79EFBC}") = "Triangle", "Samples\Triangle\Triangle.csproj", "{686F4F67-D4D5-4EE0-827E-71BF43662920}"
EndProject
Project("{FAE04EC0-301F-11D3-BF4B-00C04F79EFBC}") = "Tests", "Tests\Tests.csproj", "{0D81F071-F661-4CFD-AF60-71949BA42A6C}"
EndProject
Global
	GlobalSection(SolutionConfigurationPlatforms) = preSolution
		Debug|Any CPU = Debug|Any CPU
		Release|Any CPU = Release|Any CPU
	EndGlobalSection
	GlobalSection(SolutionProperties) = preSolution
		HideSolutionNode = FALSE
	EndGlobalSection
	GlobalSection(ProjectConfigurationPlatforms) = postSolution
		{39A77760-2D30-443B-8454-C2FDEB341D17}.Debug|Any CPU.ActiveCfg = Debug|Any CPU
		{39A77760-2D30-443B-8454-C2FDEB341D17}.Debug|Any CPU.Build.0 = Debug|Any CPU
		{39A77760-2D30-443B-8454-C2FDEB341D17}.Release|Any CPU.ActiveCfg = Release|Any CPU
		{39A77760-2D30-443B-8454-C2FDEB341D17}.Release|Any CPU.Build.0 = Release|Any CPU
		{421ECB02-37C1-4E38-ADEE-55D868690375}.Debug|Any CPU.ActiveCfg = Debug|Any CPU
		{421ECB02-37C1-4E38-ADEE-55D868690375}.Debug|Any CPU.Build.0 = Debug|Any CPU
		{421ECB02-37C1-4E38-ADEE-55D868690375}.Release|Any CPU.ActiveCfg = Release|Any CPU
		{421ECB02-37C1-4E38-ADEE-55D868690375}.Release|Any CPU.Build.0 = Release|Any CPU
		{50B66351-1ACB-4885-AB6E-3DA4CE4992F5}.Debug|Any CPU.ActiveCfg = Debug|Any CPU
		{50B66351-1ACB-4885-AB6E-3DA4CE4992F5}.Debug|Any CPU.Build.0 = Debug|Any CPU
		{50B66351-1ACB-4885-AB6E-3DA4CE4992F5}.Release|Any CPU.ActiveCfg = Release|Any CPU
		{50B66351-1ACB-4885-AB6E-3DA4CE4992F5}.Release|Any CPU.Build.0 = Release|Any CPU
		{686F4F67-D4D5-4EE0-827E-71BF43662920}.Debug|Any CPU.ActiveCfg = Debug|Any CPU
		{686F4F67-D4D5-4EE0-827E-71BF43662920}.Debug|Any CPU.Build.0 = Debug|Any CPU
		{686F4F67-D4D5-4EE0-827E-71BF43662920}.Release|Any CPU.ActiveCfg = Release|Any CPU
		{686F4F67-D4D5-4EE0-827E-71BF43662920}.Release|Any CPU.Build.0 = Release|Any CPU
		{0D81F071-F661-4CFD-AF60-71949BA42A6C}.Debug|Any CPU.ActiveCfg = Debug|Any CPU
		{0D81F071-F661-4CFD-AF60-71949BA42A6C}.Debug|Any CPU.Build.0 = Debug|Any CPU
		{0D81F071-F661-4CFD-AF60-71949BA42A6C}.Release|Any CPU.ActiveCfg = Release|Any CPU
		{0D81F071-F661-4CFD-AF60-71949BA42A6C}.Release|Any CPU.Build.0 = Release|Any CPU
	EndGlobalSection
	GlobalSection(NestedProjects) = preSolution
		{421ECB02-37C1-4E38-ADEE-55D868690375} = {E931F19C-0E2D-4737-B9F5-2D6535B2028A}
		{50B66351-1ACB-4885-AB6E-3DA4CE4992F5} = {E931F19C-0E2D-4737-B9F5-2D6535B2028A}
		{686F4F67-D4D5-4EE0-827E-71BF43662920} = {E931F19C-0E2D-4737-B9F5-2D6535B2028A}
	EndGlobalSection
EndGlobal
