
Microsoft Visual Studio Solution File, Format Version 12.00
# Visual Studio Version 17
VisualStudioVersion = 17.0.31903.59
MinimumVisualStudioVersion = 10.0.40219.1
Project("{FAE04EC0-301F-11D3-BF4B-00C04F79EFBC}") = "Prowl.Slang", "Slang\Prowl.Slang.csproj", "{DC5D99C5-488F-47B3-9718-65781774064E}"
EndProject
Project("{2150E333-8FDC-42A3-9474-1A3956D46DE8}") = "Samples", "Samples", "{E30D1725-8216-4144-B219-E60AE7D20E4E}"
EndProject
Project("{FAE04EC0-301F-11D3-BF4B-00C04F79EFBC}") = "CompileCompute", "Samples\CompileCompute\CompileCompute.csproj", "{4B977661-D825-48AE-AF3F-515BD8077182}"
EndProject
Global
	GlobalSection(SolutionConfigurationPlatforms) = preSolution
		Debug|Any CPU = Debug|Any CPU
		Release|Any CPU = Release|Any CPU
	EndGlobalSection
	GlobalSection(SolutionProperties) = preSolution
		HideSolutionNode = FALSE
	EndGlobalSection
	GlobalSection(ProjectConfigurationPlatforms) = postSolution
		{DC5D99C5-488F-47B3-9718-65781774064E}.Debug|Any CPU.ActiveCfg = Debug|Any CPU
		{DC5D99C5-488F-47B3-9718-65781774064E}.Debug|Any CPU.Build.0 = Debug|Any CPU
		{DC5D99C5-488F-47B3-9718-65781774064E}.Release|Any CPU.ActiveCfg = Release|Any CPU
		{DC5D99C5-488F-47B3-9718-65781774064E}.Release|Any CPU.Build.0 = Release|Any CPU
		{4B977661-D825-48AE-AF3F-515BD8077182}.Debug|Any CPU.ActiveCfg = Debug|Any CPU
		{4B977661-D825-48AE-AF3F-515BD8077182}.Debug|Any CPU.Build.0 = Debug|Any CPU
		{4B977661-D825-48AE-AF3F-515BD8077182}.Release|Any CPU.ActiveCfg = Release|Any CPU
		{4B977661-D825-48AE-AF3F-515BD8077182}.Release|Any CPU.Build.0 = Release|Any CPU
	EndGlobalSection
	GlobalSection(NestedProjects) = preSolution
		{4B977661-D825-48AE-AF3F-515BD8077182} = {E30D1725-8216-4144-B219-E60AE7D20E4E}
	EndGlobalSection
EndGlobal
