Microsoft Visual Studio Solution File, Format Version 12.00
# Visual Studio Version 17
VisualStudioVersion = 17.5.2.0
MinimumVisualStudioVersion = 10.0.40219.1
Project("{FAE04EC0-301F-11D3-BF4B-00C04F79EFBC}") = "UpdateSources", "Native\UpdateSources.csproj", "{2B7CFD3B-F13D-9D8F-D59F-46FF74FCB8B0}"
EndProject
Project("{FAE04EC0-301F-11D3-BF4B-00C04F79EFBC}") = "Prowl.Slang", "Prowl.Slang\Prowl.Slang.csproj", "{8519972A-915C-3A25-346F-A44BAC169DE3}"
EndProject
Global
	GlobalSection(SolutionConfigurationPlatforms) = preSolution
		Debug|Any CPU = Debug|Any CPU
		Release|Any CPU = Release|Any CPU
	EndGlobalSection
	GlobalSection(ProjectConfigurationPlatforms) = postSolution
		{2B7CFD3B-F13D-9D8F-D59F-46FF74FCB8B0}.Debug|Any CPU.ActiveCfg = Debug|Any CPU
		{2B7CFD3B-F13D-9D8F-D59F-46FF74FCB8B0}.Debug|Any CPU.Build.0 = Debug|Any CPU
		{2B7CFD3B-F13D-9D8F-D59F-46FF74FCB8B0}.Release|Any CPU.ActiveCfg = Release|Any CPU
		{2B7CFD3B-F13D-9D8F-D59F-46FF74FCB8B0}.Release|Any CPU.Build.0 = Release|Any CPU
		{8519972A-915C-3A25-346F-A44BAC169DE3}.Debug|Any CPU.ActiveCfg = Debug|Any CPU
		{8519972A-915C-3A25-346F-A44BAC169DE3}.Debug|Any CPU.Build.0 = Debug|Any CPU
		{8519972A-915C-3A25-346F-A44BAC169DE3}.Release|Any CPU.ActiveCfg = Release|Any CPU
		{8519972A-915C-3A25-346F-A44BAC169DE3}.Release|Any CPU.Build.0 = Release|Any CPU
	EndGlobalSection
	GlobalSection(SolutionProperties) = preSolution
		HideSolutionNode = FALSE
	EndGlobalSection
	GlobalSection(ExtensibilityGlobals) = postSolution
		SolutionGuid = {2F0203AF-DF54-4C21-B681-641000D96CDA}
	EndGlobalSection
EndGlobal
